
Microsoft Visual Studio Solution File, Format Version 12.00
# Visual Studio Version 17
VisualStudioVersion = 17.14.36414.22
MinimumVisualStudioVersion = 10.0.40219.1
Project("{FAE04EC0-301F-11D3-BF4B-00C04F79EFBC}") = "BPTake3", "BPTake3\BPTake3.csproj", "{1E5F15CF-630F-4EA7-A62E-10D942FD8A28}"
EndProject
Global
	GlobalSection(SolutionConfigurationPlatforms) = preSolution
		Debug|Any CPU = Debug|Any CPU
		Release|Any CPU = Release|Any CPU
	EndGlobalSection
	GlobalSection(ProjectConfigurationPlatforms) = postSolution
		{1E5F15CF-630F-4EA7-A62E-10D942FD8A28}.Debug|Any CPU.ActiveCfg = Debug|Any CPU
		{1E5F15CF-630F-4EA7-A62E-10D942FD8A28}.Debug|Any CPU.Build.0 = Debug|Any CPU
		{1E5F15CF-630F-4EA7-A62E-10D942FD8A28}.Release|Any CPU.ActiveCfg = Release|Any CPU
		{1E5F15CF-630F-4EA7-A62E-10D942FD8A28}.Release|Any CPU.Build.0 = Release|Any CPU
	EndGlobalSection
	GlobalSection(SolutionProperties) = preSolution
		HideSolutionNode = FALSE
	EndGlobalSection
	GlobalSection(ExtensibilityGlobals) = postSolution
		SolutionGuid = {87FDC083-3428-435B-BB7E-3E76E9318788}
	EndGlobalSection
EndGlobal
